// !$*UTF8*$!
{
	archiveVersion = 1;
	classes = {
	};
	objectVersion = 50;
	objects = {

/* Begin PBXBuildFile section */
		1FA43BD3224E569900F565CB /* AppDelegate.swift in Sources */ = {isa = PBXBuildFile; fileRef = 1FA43BD2224E569900F565CB /* AppDelegate.swift */; };
		1FA43BD5224E569900F565CB /* CalculateController.swift in Sources */ = {isa = PBXBuildFile; fileRef = 1FA43BD4224E569900F565CB /* CalculateController.swift */; };
		1FA43BD8224E569900F565CB /* CalculateController.storyboard in Resources */ = {isa = PBXBuildFile; fileRef = 1FA43BD6224E569900F565CB /* CalculateController.storyboard */; };
		1FA43BDA224E569A00F565CB /* Assets.xcassets in Resources */ = {isa = PBXBuildFile; fileRef = 1FA43BD9224E569A00F565CB /* Assets.xcassets */; };
		1FA43BDD224E569A00F565CB /* LaunchScreen.storyboard in Resources */ = {isa = PBXBuildFile; fileRef = 1FA43BDB224E569A00F565CB /* LaunchScreen.storyboard */; };
		B60E6E2226ED0FCD007602B4 /* Operand.swift in Sources */ = {isa = PBXBuildFile; fileRef = B60E6E2126ED0FCD007602B4 /* Operand.swift */; };
		B60E6E4426F06F4C007602B4 /* Double+.swift in Sources */ = {isa = PBXBuildFile; fileRef = B60E6E4326F06F4C007602B4 /* Double+.swift */; };
		B6273E7326F349FD004D238F /* CalculateController.swift in Sources */ = {isa = PBXBuildFile; fileRef = B6273E7226F349FD004D238F /* CalculateController.swift */; };
		B6273E7526F38762004D238F /* CountOnMeUITests.swift in Sources */ = {isa = PBXBuildFile; fileRef = B6273E7426F38762004D238F /* CountOnMeUITests.swift */; };
		B64C4B8626E60213002C611B /* Calculation.swift in Sources */ = {isa = PBXBuildFile; fileRef = B64C4B8526E60213002C611B /* Calculation.swift */; };
		B64C4B8B26E60FA4002C611B /* Enums.swift in Sources */ = {isa = PBXBuildFile; fileRef = B64C4B8A26E60FA4002C611B /* Enums.swift */; };
		B65DA19B26E8F4D600FB758D /* CalculationTestCase.swift in Sources */ = {isa = PBXBuildFile; fileRef = B65DA19A26E8F4D600FB758D /* CalculationTestCase.swift */; };
		B66D481826F85CCD003EC17A /* String+.swift in Sources */ = {isa = PBXBuildFile; fileRef = B66D481726F85CCD003EC17A /* String+.swift */; };
/* End PBXBuildFile section */

/* Begin PBXContainerItemProxy section */
		B64C4BA526E8F31E002C611B /* PBXContainerItemProxy */ = {
			isa = PBXContainerItemProxy;
			containerPortal = 1FA43BC7224E569900F565CB /* Project object */;
			proxyType = 1;
			remoteGlobalIDString = 1FA43BCE224E569900F565CB;
			remoteInfo = CountOnMe;
		};
		B6D9D04526F2700D00EEB8A0 /* PBXContainerItemProxy */ = {
			isa = PBXContainerItemProxy;
			containerPortal = 1FA43BC7224E569900F565CB /* Project object */;
			proxyType = 1;
			remoteGlobalIDString = 1FA43BCE224E569900F565CB;
			remoteInfo = CountOnMe;
		};
/* End PBXContainerItemProxy section */

/* Begin PBXFileReference section */
		1FA43BCF224E569900F565CB /* CountOnMe.app */ = {isa = PBXFileReference; explicitFileType = wrapper.application; includeInIndex = 0; path = CountOnMe.app; sourceTree = BUILT_PRODUCTS_DIR; };
		1FA43BD2224E569900F565CB /* AppDelegate.swift */ = {isa = PBXFileReference; lastKnownFileType = sourcecode.swift; path = AppDelegate.swift; sourceTree = "<group>"; };
		1FA43BD4224E569900F565CB /* CalculateController.swift */ = {isa = PBXFileReference; lastKnownFileType = sourcecode.swift; path = CalculateController.swift; sourceTree = "<group>"; };
		1FA43BD7224E569900F565CB /* Base */ = {isa = PBXFileReference; lastKnownFileType = file.storyboard; name = Base; path = Base.lproj/CalculateController.storyboard; sourceTree = "<group>"; };
		1FA43BD9224E569A00F565CB /* Assets.xcassets */ = {isa = PBXFileReference; lastKnownFileType = folder.assetcatalog; path = Assets.xcassets; sourceTree = "<group>"; };
		1FA43BDC224E569A00F565CB /* Base */ = {isa = PBXFileReference; lastKnownFileType = file.storyboard; name = Base; path = Base.lproj/LaunchScreen.storyboard; sourceTree = "<group>"; };
		1FA43BDE224E569A00F565CB /* Info.plist */ = {isa = PBXFileReference; lastKnownFileType = text.plist.xml; path = Info.plist; sourceTree = "<group>"; };
		B60E6E2126ED0FCD007602B4 /* Operand.swift */ = {isa = PBXFileReference; lastKnownFileType = sourcecode.swift; path = Operand.swift; sourceTree = "<group>"; };
		B60E6E4326F06F4C007602B4 /* Double+.swift */ = {isa = PBXFileReference; lastKnownFileType = sourcecode.swift; path = "Double+.swift"; sourceTree = "<group>"; };
		B6273E7226F349FD004D238F /* CalculateController.swift */ = {isa = PBXFileReference; lastKnownFileType = sourcecode.swift; path = CalculateController.swift; sourceTree = "<group>"; };
		B6273E7426F38762004D238F /* CountOnMeUITests.swift */ = {isa = PBXFileReference; lastKnownFileType = sourcecode.swift; path = CountOnMeUITests.swift; sourceTree = "<group>"; };
		B64C4B8526E60213002C611B /* Calculation.swift */ = {isa = PBXFileReference; lastKnownFileType = sourcecode.swift; path = Calculation.swift; sourceTree = "<group>"; };
		B64C4B8A26E60FA4002C611B /* Enums.swift */ = {isa = PBXFileReference; lastKnownFileType = sourcecode.swift; path = Enums.swift; sourceTree = "<group>"; };
		B64C4BA026E8F31E002C611B /* CountOnMeTests.xctest */ = {isa = PBXFileReference; explicitFileType = wrapper.cfbundle; includeInIndex = 0; path = CountOnMeTests.xctest; sourceTree = BUILT_PRODUCTS_DIR; };
		B64C4BA426E8F31E002C611B /* Info.plist */ = {isa = PBXFileReference; lastKnownFileType = text.plist.xml; path = Info.plist; sourceTree = "<group>"; };
		B65DA19A26E8F4D600FB758D /* CalculationTestCase.swift */ = {isa = PBXFileReference; lastKnownFileType = sourcecode.swift; path = CalculationTestCase.swift; sourceTree = "<group>"; };
		B66D481726F85CCD003EC17A /* String+.swift */ = {isa = PBXFileReference; lastKnownFileType = sourcecode.swift; path = "String+.swift"; sourceTree = "<group>"; };
		B6D9D04026F2700D00EEB8A0 /* CountOnMeUITests.xctest */ = {isa = PBXFileReference; explicitFileType = wrapper.cfbundle; includeInIndex = 0; path = CountOnMeUITests.xctest; sourceTree = BUILT_PRODUCTS_DIR; };
		B6D9D04426F2700D00EEB8A0 /* Info.plist */ = {isa = PBXFileReference; lastKnownFileType = text.plist.xml; path = Info.plist; sourceTree = "<group>"; };
/* End PBXFileReference section */

/* Begin PBXFrameworksBuildPhase section */
		1FA43BCC224E569900F565CB /* Frameworks */ = {
			isa = PBXFrameworksBuildPhase;
			buildActionMask = 2147483647;
			files = (
			);
			runOnlyForDeploymentPostprocessing = 0;
		};
		B64C4B9D26E8F31E002C611B /* Frameworks */ = {
			isa = PBXFrameworksBuildPhase;
			buildActionMask = 2147483647;
			files = (
			);
			runOnlyForDeploymentPostprocessing = 0;
		};
		B6D9D03D26F2700D00EEB8A0 /* Frameworks */ = {
			isa = PBXFrameworksBuildPhase;
			buildActionMask = 2147483647;
			files = (
			);
			runOnlyForDeploymentPostprocessing = 0;
		};
/* End PBXFrameworksBuildPhase section */

/* Begin PBXGroup section */
		1FA43BC6224E569900F565CB = {
			isa = PBXGroup;
			children = (
				1FA43BD1224E569900F565CB /* CountOnMe */,
				B64C4BA126E8F31E002C611B /* CountOnMeTests */,
				B6D9D04126F2700D00EEB8A0 /* CountOnMeUITests */,
				1FA43BD0224E569900F565CB /* Products */,
			);
			sourceTree = "<group>";
		};
		1FA43BD0224E569900F565CB /* Products */ = {
			isa = PBXGroup;
			children = (
				1FA43BCF224E569900F565CB /* CountOnMe.app */,
				B64C4BA026E8F31E002C611B /* CountOnMeTests.xctest */,
				B6D9D04026F2700D00EEB8A0 /* CountOnMeUITests.xctest */,
			);
			name = Products;
			sourceTree = "<group>";
		};
		1FA43BD1224E569900F565CB /* CountOnMe */ = {
			isa = PBXGroup;
			children = (
				1FA43BD2224E569900F565CB /* AppDelegate.swift */,
				B64C4B8926E60F8D002C611B /* Utils */,
				B64C4B8426E601B8002C611B /* Model */,
				B64C4B8F26E68EA2002C611B /* Features */,
				B64C4B9026E68EC4002C611B /* Resources */,
			);
			path = CountOnMe;
			sourceTree = "<group>";
		};
		B64C4B8426E601B8002C611B /* Model */ = {
			isa = PBXGroup;
			children = (
				B64C4B8526E60213002C611B /* Calculation.swift */,
			);
			path = Model;
			sourceTree = "<group>";
		};
		B64C4B8926E60F8D002C611B /* Utils */ = {
			isa = PBXGroup;
			children = (
				B64C4B8A26E60FA4002C611B /* Enums.swift */,
				B60E6E2126ED0FCD007602B4 /* Operand.swift */,
				B66D481926F85E29003EC17A /* Extensions */,
			);
			path = Utils;
			sourceTree = "<group>";
		};
		B64C4B8F26E68EA2002C611B /* Features */ = {
			isa = PBXGroup;
			children = (
				1FA43BD4224E569900F565CB /* CalculateController.swift */,
				1FA43BD6224E569900F565CB /* CalculateController.storyboard */,
			);
			path = Features;
			sourceTree = "<group>";
		};
		B64C4B9026E68EC4002C611B /* Resources */ = {
			isa = PBXGroup;
			children = (
				1FA43BD9224E569A00F565CB /* Assets.xcassets */,
				1FA43BDE224E569A00F565CB /* Info.plist */,
				1FA43BDB224E569A00F565CB /* LaunchScreen.storyboard */,
			);
			path = Resources;
			sourceTree = "<group>";
		};
		B64C4BA126E8F31E002C611B /* CountOnMeTests */ = {
			isa = PBXGroup;
			children = (
				B65DA19A26E8F4D600FB758D /* CalculationTestCase.swift */,
				B6273E7226F349FD004D238F /* CalculateController.swift */,
				B64C4BA426E8F31E002C611B /* Info.plist */,
			);
			path = CountOnMeTests;
			sourceTree = "<group>";
		};
		B66D481926F85E29003EC17A /* Extensions */ = {
			isa = PBXGroup;
			children = (
				B60E6E4326F06F4C007602B4 /* Double+.swift */,
				B66D481726F85CCD003EC17A /* String+.swift */,
			);
			path = Extensions;
			sourceTree = "<group>";
		};
		B6D9D04126F2700D00EEB8A0 /* CountOnMeUITests */ = {
			isa = PBXGroup;
			children = (
				B6273E7426F38762004D238F /* CountOnMeUITests.swift */,
				B6D9D04426F2700D00EEB8A0 /* Info.plist */,
			);
			path = CountOnMeUITests;
			sourceTree = "<group>";
		};
/* End PBXGroup section */

/* Begin PBXNativeTarget section */
		1FA43BCE224E569900F565CB /* CountOnMe */ = {
			isa = PBXNativeTarget;
			buildConfigurationList = 1FA43BF7224E569A00F565CB /* Build configuration list for PBXNativeTarget "CountOnMe" */;
			buildPhases = (
				1FA43BCB224E569900F565CB /* Sources */,
				1FA43BCC224E569900F565CB /* Frameworks */,
				1FA43BCD224E569900F565CB /* Resources */,
				B64C4B9726E7CF36002C611B /* ShellScript */,
			);
			buildRules = (
			);
			dependencies = (
			);
			name = CountOnMe;
			productName = SimpleCalc;
			productReference = 1FA43BCF224E569900F565CB /* CountOnMe.app */;
			productType = "com.apple.product-type.application";
		};
		B64C4B9F26E8F31E002C611B /* CountOnMeTests */ = {
			isa = PBXNativeTarget;
			buildConfigurationList = B64C4BA726E8F31E002C611B /* Build configuration list for PBXNativeTarget "CountOnMeTests" */;
			buildPhases = (
				B64C4B9C26E8F31E002C611B /* Sources */,
				B64C4B9D26E8F31E002C611B /* Frameworks */,
				B64C4B9E26E8F31E002C611B /* Resources */,
			);
			buildRules = (
			);
			dependencies = (
				B64C4BA626E8F31E002C611B /* PBXTargetDependency */,
			);
			name = CountOnMeTests;
			productName = CountOnMeTests;
			productReference = B64C4BA026E8F31E002C611B /* CountOnMeTests.xctest */;
			productType = "com.apple.product-type.bundle.unit-test";
		};
		B6D9D03F26F2700D00EEB8A0 /* CountOnMeUITests */ = {
			isa = PBXNativeTarget;
			buildConfigurationList = B6D9D04726F2700D00EEB8A0 /* Build configuration list for PBXNativeTarget "CountOnMeUITests" */;
			buildPhases = (
				B6D9D03C26F2700D00EEB8A0 /* Sources */,
				B6D9D03D26F2700D00EEB8A0 /* Frameworks */,
				B6D9D03E26F2700D00EEB8A0 /* Resources */,
			);
			buildRules = (
			);
			dependencies = (
				B6D9D04626F2700D00EEB8A0 /* PBXTargetDependency */,
			);
			name = CountOnMeUITests;
			productName = CountOnMeUITests;
			productReference = B6D9D04026F2700D00EEB8A0 /* CountOnMeUITests.xctest */;
			productType = "com.apple.product-type.bundle.ui-testing";
		};
/* End PBXNativeTarget section */

/* Begin PBXProject section */
		1FA43BC7224E569900F565CB /* Project object */ = {
			isa = PBXProject;
			attributes = {
				LastSwiftUpdateCheck = 1250;
				LastUpgradeCheck = 1250;
				ORGANIZATIONNAME = "Vincent Saluzzo";
				TargetAttributes = {
					1FA43BCE224E569900F565CB = {
						CreatedOnToolsVersion = 10.2;
					};
					B64C4B9F26E8F31E002C611B = {
						CreatedOnToolsVersion = 12.5;
						LastSwiftMigration = 1250;
						TestTargetID = 1FA43BCE224E569900F565CB;
					};
					B6D9D03F26F2700D00EEB8A0 = {
						CreatedOnToolsVersion = 12.5;
						LastSwiftMigration = 1250;
						TestTargetID = 1FA43BCE224E569900F565CB;
					};
				};
			};
			buildConfigurationList = 1FA43BCA224E569900F565CB /* Build configuration list for PBXProject "CountOnMe" */;
			compatibilityVersion = "Xcode 9.3";
			developmentRegion = en;
			hasScannedForEncodings = 0;
			knownRegions = (
				en,
				Base,
			);
			mainGroup = 1FA43BC6224E569900F565CB;
			productRefGroup = 1FA43BD0224E569900F565CB /* Products */;
			projectDirPath = "";
			projectRoot = "";
			targets = (
				1FA43BCE224E569900F565CB /* CountOnMe */,
				B64C4B9F26E8F31E002C611B /* CountOnMeTests */,
				B6D9D03F26F2700D00EEB8A0 /* CountOnMeUITests */,
			);
		};
/* End PBXProject section */

/* Begin PBXResourcesBuildPhase section */
		1FA43BCD224E569900F565CB /* Resources */ = {
			isa = PBXResourcesBuildPhase;
			buildActionMask = 2147483647;
			files = (
				1FA43BDD224E569A00F565CB /* LaunchScreen.storyboard in Resources */,
				1FA43BDA224E569A00F565CB /* Assets.xcassets in Resources */,
				1FA43BD8224E569900F565CB /* CalculateController.storyboard in Resources */,
			);
			runOnlyForDeploymentPostprocessing = 0;
		};
		B64C4B9E26E8F31E002C611B /* Resources */ = {
			isa = PBXResourcesBuildPhase;
			buildActionMask = 2147483647;
			files = (
			);
			runOnlyForDeploymentPostprocessing = 0;
		};
		B6D9D03E26F2700D00EEB8A0 /* Resources */ = {
			isa = PBXResourcesBuildPhase;
			buildActionMask = 2147483647;
			files = (
			);
			runOnlyForDeploymentPostprocessing = 0;
		};
/* End PBXResourcesBuildPhase section */

/* Begin PBXShellScriptBuildPhase section */
		B64C4B9726E7CF36002C611B /* ShellScript */ = {
			isa = PBXShellScriptBuildPhase;
			buildActionMask = 2147483647;
			files = (
			);
			inputFileListPaths = (
			);
			inputPaths = (
			);
			outputFileListPaths = (
			);
			outputPaths = (
			);
			runOnlyForDeploymentPostprocessing = 0;
			shellPath = /bin/sh;
			shellScript = "if which swiftlint >/dev/null; then\n    swiftlint\nelse\n    echo \"warning: SwiftLint not installed, download from https://github.com/realm/SwiftLint\"\nfi\n";
		};
/* End PBXShellScriptBuildPhase section */

/* Begin PBXSourcesBuildPhase section */
		1FA43BCB224E569900F565CB /* Sources */ = {
			isa = PBXSourcesBuildPhase;
			buildActionMask = 2147483647;
			files = (
				1FA43BD5224E569900F565CB /* CalculateController.swift in Sources */,
				B66D481826F85CCD003EC17A /* String+.swift in Sources */,
				B64C4B8626E60213002C611B /* Calculation.swift in Sources */,
				B64C4B8B26E60FA4002C611B /* Enums.swift in Sources */,
				B60E6E2226ED0FCD007602B4 /* Operand.swift in Sources */,
				1FA43BD3224E569900F565CB /* AppDelegate.swift in Sources */,
				B60E6E4426F06F4C007602B4 /* Double+.swift in Sources */,
			);
			runOnlyForDeploymentPostprocessing = 0;
		};
		B64C4B9C26E8F31E002C611B /* Sources */ = {
			isa = PBXSourcesBuildPhase;
			buildActionMask = 2147483647;
			files = (
				B6273E7326F349FD004D238F /* CalculateController.swift in Sources */,
				B65DA19B26E8F4D600FB758D /* CalculationTestCase.swift in Sources */,
			);
			runOnlyForDeploymentPostprocessing = 0;
		};
		B6D9D03C26F2700D00EEB8A0 /* Sources */ = {
			isa = PBXSourcesBuildPhase;
			buildActionMask = 2147483647;
			files = (
				B6273E7526F38762004D238F /* CountOnMeUITests.swift in Sources */,
			);
			runOnlyForDeploymentPostprocessing = 0;
		};
/* End PBXSourcesBuildPhase section */

/* Begin PBXTargetDependency section */
		B64C4BA626E8F31E002C611B /* PBXTargetDependency */ = {
			isa = PBXTargetDependency;
			target = 1FA43BCE224E569900F565CB /* CountOnMe */;
			targetProxy = B64C4BA526E8F31E002C611B /* PBXContainerItemProxy */;
		};
		B6D9D04626F2700D00EEB8A0 /* PBXTargetDependency */ = {
			isa = PBXTargetDependency;
			target = 1FA43BCE224E569900F565CB /* CountOnMe */;
			targetProxy = B6D9D04526F2700D00EEB8A0 /* PBXContainerItemProxy */;
		};
/* End PBXTargetDependency section */

/* Begin PBXVariantGroup section */
		1FA43BD6224E569900F565CB /* CalculateController.storyboard */ = {
			isa = PBXVariantGroup;
			children = (
				1FA43BD7224E569900F565CB /* Base */,
			);
			name = CalculateController.storyboard;
			sourceTree = "<group>";
		};
		1FA43BDB224E569A00F565CB /* LaunchScreen.storyboard */ = {
			isa = PBXVariantGroup;
			children = (
				1FA43BDC224E569A00F565CB /* Base */,
			);
			name = LaunchScreen.storyboard;
			sourceTree = "<group>";
		};
/* End PBXVariantGroup section */

/* Begin XCBuildConfiguration section */
		1FA43BF5224E569A00F565CB /* Debug */ = {
			isa = XCBuildConfiguration;
			buildSettings = {
				ALWAYS_SEARCH_USER_PATHS = NO;
				CLANG_ANALYZER_NONNULL = YES;
				CLANG_ANALYZER_NUMBER_OBJECT_CONVERSION = YES_AGGRESSIVE;
				CLANG_CXX_LANGUAGE_STANDARD = "gnu++14";
				CLANG_CXX_LIBRARY = "libc++";
				CLANG_ENABLE_MODULES = YES;
				CLANG_ENABLE_OBJC_ARC = YES;
				CLANG_ENABLE_OBJC_WEAK = YES;
				CLANG_WARN_BLOCK_CAPTURE_AUTORELEASING = YES;
				CLANG_WARN_BOOL_CONVERSION = YES;
				CLANG_WARN_COMMA = YES;
				CLANG_WARN_CONSTANT_CONVERSION = YES;
				CLANG_WARN_DEPRECATED_OBJC_IMPLEMENTATIONS = YES;
				CLANG_WARN_DIRECT_OBJC_ISA_USAGE = YES_ERROR;
				CLANG_WARN_DOCUMENTATION_COMMENTS = YES;
				CLANG_WARN_EMPTY_BODY = YES;
				CLANG_WARN_ENUM_CONVERSION = YES;
				CLANG_WARN_INFINITE_RECURSION = YES;
				CLANG_WARN_INT_CONVERSION = YES;
				CLANG_WARN_NON_LITERAL_NULL_CONVERSION = YES;
				CLANG_WARN_OBJC_IMPLICIT_RETAIN_SELF = YES;
				CLANG_WARN_OBJC_LITERAL_CONVERSION = YES;
				CLANG_WARN_OBJC_ROOT_CLASS = YES_ERROR;
				CLANG_WARN_QUOTED_INCLUDE_IN_FRAMEWORK_HEADER = YES;
				CLANG_WARN_RANGE_LOOP_ANALYSIS = YES;
				CLANG_WARN_STRICT_PROTOTYPES = YES;
				CLANG_WARN_SUSPICIOUS_MOVE = YES;
				CLANG_WARN_UNGUARDED_AVAILABILITY = YES_AGGRESSIVE;
				CLANG_WARN_UNREACHABLE_CODE = YES;
				CLANG_WARN__DUPLICATE_METHOD_MATCH = YES;
				CODE_SIGN_IDENTITY = "iPhone Developer";
				COPY_PHASE_STRIP = NO;
				DEBUG_INFORMATION_FORMAT = dwarf;
				ENABLE_STRICT_OBJC_MSGSEND = YES;
				ENABLE_TESTABILITY = YES;
				GCC_C_LANGUAGE_STANDARD = gnu11;
				GCC_DYNAMIC_NO_PIC = NO;
				GCC_NO_COMMON_BLOCKS = YES;
				GCC_OPTIMIZATION_LEVEL = 0;
				GCC_PREPROCESSOR_DEFINITIONS = (
					"DEBUG=1",
					"$(inherited)",
				);
				GCC_WARN_64_TO_32_BIT_CONVERSION = YES;
				GCC_WARN_ABOUT_RETURN_TYPE = YES_ERROR;
				GCC_WARN_UNDECLARED_SELECTOR = YES;
				GCC_WARN_UNINITIALIZED_AUTOS = YES_AGGRESSIVE;
				GCC_WARN_UNUSED_FUNCTION = YES;
				GCC_WARN_UNUSED_VARIABLE = YES;
				IPHONEOS_DEPLOYMENT_TARGET = 12.2;
				MTL_ENABLE_DEBUG_INFO = INCLUDE_SOURCE;
				MTL_FAST_MATH = YES;
				ONLY_ACTIVE_ARCH = YES;
				SDKROOT = iphoneos;
				SWIFT_ACTIVE_COMPILATION_CONDITIONS = DEBUG;
				SWIFT_OPTIMIZATION_LEVEL = "-Onone";
			};
			name = Debug;
		};
		1FA43BF6224E569A00F565CB /* Release */ = {
			isa = XCBuildConfiguration;
			buildSettings = {
				ALWAYS_SEARCH_USER_PATHS = NO;
				CLANG_ANALYZER_NONNULL = YES;
				CLANG_ANALYZER_NUMBER_OBJECT_CONVERSION = YES_AGGRESSIVE;
				CLANG_CXX_LANGUAGE_STANDARD = "gnu++14";
				CLANG_CXX_LIBRARY = "libc++";
				CLANG_ENABLE_MODULES = YES;
				CLANG_ENABLE_OBJC_ARC = YES;
				CLANG_ENABLE_OBJC_WEAK = YES;
				CLANG_WARN_BLOCK_CAPTURE_AUTORELEASING = YES;
				CLANG_WARN_BOOL_CONVERSION = YES;
				CLANG_WARN_COMMA = YES;
				CLANG_WARN_CONSTANT_CONVERSION = YES;
				CLANG_WARN_DEPRECATED_OBJC_IMPLEMENTATIONS = YES;
				CLANG_WARN_DIRECT_OBJC_ISA_USAGE = YES_ERROR;
				CLANG_WARN_DOCUMENTATION_COMMENTS = YES;
				CLANG_WARN_EMPTY_BODY = YES;
				CLANG_WARN_ENUM_CONVERSION = YES;
				CLANG_WARN_INFINITE_RECURSION = YES;
				CLANG_WARN_INT_CONVERSION = YES;
				CLANG_WARN_NON_LITERAL_NULL_CONVERSION = YES;
				CLANG_WARN_OBJC_IMPLICIT_RETAIN_SELF = YES;
				CLANG_WARN_OBJC_LITERAL_CONVERSION = YES;
				CLANG_WARN_OBJC_ROOT_CLASS = YES_ERROR;
				CLANG_WARN_QUOTED_INCLUDE_IN_FRAMEWORK_HEADER = YES;
				CLANG_WARN_RANGE_LOOP_ANALYSIS = YES;
				CLANG_WARN_STRICT_PROTOTYPES = YES;
				CLANG_WARN_SUSPICIOUS_MOVE = YES;
				CLANG_WARN_UNGUARDED_AVAILABILITY = YES_AGGRESSIVE;
				CLANG_WARN_UNREACHABLE_CODE = YES;
				CLANG_WARN__DUPLICATE_METHOD_MATCH = YES;
				CODE_SIGN_IDENTITY = "iPhone Developer";
				COPY_PHASE_STRIP = NO;
				DEBUG_INFORMATION_FORMAT = "dwarf-with-dsym";
				ENABLE_NS_ASSERTIONS = NO;
				ENABLE_STRICT_OBJC_MSGSEND = YES;
				GCC_C_LANGUAGE_STANDARD = gnu11;
				GCC_NO_COMMON_BLOCKS = YES;
				GCC_WARN_64_TO_32_BIT_CONVERSION = YES;
				GCC_WARN_ABOUT_RETURN_TYPE = YES_ERROR;
				GCC_WARN_UNDECLARED_SELECTOR = YES;
				GCC_WARN_UNINITIALIZED_AUTOS = YES_AGGRESSIVE;
				GCC_WARN_UNUSED_FUNCTION = YES;
				GCC_WARN_UNUSED_VARIABLE = YES;
				IPHONEOS_DEPLOYMENT_TARGET = 12.2;
				MTL_ENABLE_DEBUG_INFO = NO;
				MTL_FAST_MATH = YES;
				SDKROOT = iphoneos;
				SWIFT_COMPILATION_MODE = wholemodule;
				SWIFT_OPTIMIZATION_LEVEL = "-O";
				VALIDATE_PRODUCT = YES;
			};
			name = Release;
		};
		1FA43BF8224E569A00F565CB /* Debug */ = {
			isa = XCBuildConfiguration;
			buildSettings = {
				ASSETCATALOG_COMPILER_APPICON_NAME = AppIcon;
				CODE_SIGN_STYLE = Automatic;
				DEVELOPMENT_TEAM = 8ZU2A8P99A;
				INFOPLIST_FILE = "$(SRCROOT)/CountOnMe/Resources/Info.plist";
				IPHONEOS_DEPLOYMENT_TARGET = 11.0;
				LD_RUNPATH_SEARCH_PATHS = (
					"$(inherited)",
					"@executable_path/Frameworks",
				);
				PRODUCT_BUNDLE_IDENTIFIER = com.vincentsaluzzo.CountOnMe;
				PRODUCT_NAME = "$(TARGET_NAME)";
				SWIFT_VERSION = 5.0;
				TARGETED_DEVICE_FAMILY = 1;
			};
			name = Debug;
		};
		1FA43BF9224E569A00F565CB /* Release */ = {
			isa = XCBuildConfiguration;
			buildSettings = {
				ASSETCATALOG_COMPILER_APPICON_NAME = AppIcon;
				CODE_SIGN_STYLE = Automatic;
				DEVELOPMENT_TEAM = 8ZU2A8P99A;
				INFOPLIST_FILE = "$(SRCROOT)/CountOnMe/Resources/Info.plist";
				IPHONEOS_DEPLOYMENT_TARGET = 11.0;
				LD_RUNPATH_SEARCH_PATHS = (
					"$(inherited)",
					"@executable_path/Frameworks",
				);
				PRODUCT_BUNDLE_IDENTIFIER = com.vincentsaluzzo.CountOnMe;
				PRODUCT_NAME = "$(TARGET_NAME)";
				SWIFT_VERSION = 5.0;
				TARGETED_DEVICE_FAMILY = 1;
			};
			name = Release;
		};
		B64C4BA826E8F31E002C611B /* Debug */ = {
			isa = XCBuildConfiguration;
			buildSettings = {
				BUNDLE_LOADER = "$(TEST_HOST)";
				CLANG_ENABLE_MODULES = YES;
				CODE_SIGN_STYLE = Automatic;
				DEVELOPMENT_TEAM = 8ZU2A8P99A;
				INFOPLIST_FILE = CountOnMeTests/Info.plist;
				IPHONEOS_DEPLOYMENT_TARGET = 14.5;
				LD_RUNPATH_SEARCH_PATHS = (
					"$(inherited)",
					"@executable_path/Frameworks",
					"@loader_path/Frameworks",
				);
				PRODUCT_BUNDLE_IDENTIFIER = com.fred.CountOnMeTests;
				PRODUCT_NAME = "$(TARGET_NAME)";
				SWIFT_OPTIMIZATION_LEVEL = "-Onone";
				SWIFT_VERSION = 5.0;
				TARGETED_DEVICE_FAMILY = "1,2";
				TEST_HOST = "$(BUILT_PRODUCTS_DIR)/CountOnMe.app/CountOnMe";
			};
			name = Debug;
		};
		B64C4BA926E8F31E002C611B /* Release */ = {
			isa = XCBuildConfiguration;
			buildSettings = {
				BUNDLE_LOADER = "$(TEST_HOST)";
				CLANG_ENABLE_MODULES = YES;
				CODE_SIGN_STYLE = Automatic;
				DEVELOPMENT_TEAM = 8ZU2A8P99A;
				INFOPLIST_FILE = CountOnMeTests/Info.plist;
				IPHONEOS_DEPLOYMENT_TARGET = 14.5;
				LD_RUNPATH_SEARCH_PATHS = (
					"$(inherited)",
					"@executable_path/Frameworks",
					"@loader_path/Frameworks",
				);
				PRODUCT_BUNDLE_IDENTIFIER = com.fred.CountOnMeTests;
				PRODUCT_NAME = "$(TARGET_NAME)";
				SWIFT_VERSION = 5.0;
				TARGETED_DEVICE_FAMILY = "1,2";
				TEST_HOST = "$(BUILT_PRODUCTS_DIR)/CountOnMe.app/CountOnMe";
			};
			name = Release;
		};
		B6D9D04826F2700D00EEB8A0 /* Debug */ = {
			isa = XCBuildConfiguration;
			buildSettings = {
				CLANG_ENABLE_MODULES = YES;
				CODE_SIGN_STYLE = Automatic;
				DEVELOPMENT_TEAM = 8ZU2A8P99A;
				INFOPLIST_FILE = CountOnMeUITests/Info.plist;
				IPHONEOS_DEPLOYMENT_TARGET = 14.5;
				LD_RUNPATH_SEARCH_PATHS = (
					"$(inherited)",
					"@executable_path/Frameworks",
					"@loader_path/Frameworks",
				);
				PRODUCT_BUNDLE_IDENTIFIER = com.fred.CountOnMeUITests;
				PRODUCT_NAME = "$(TARGET_NAME)";
				SWIFT_OPTIMIZATION_LEVEL = "-Onone";
				SWIFT_VERSION = 5.0;
				TARGETED_DEVICE_FAMILY = "1,2";
				TEST_TARGET_NAME = CountOnMe;
			};
			name = Debug;
		};
		B6D9D04926F2700D00EEB8A0 /* Release */ = {
			isa = XCBuildConfiguration;
			buildSettings = {
				CLANG_ENABLE_MODULES = YES;
				CODE_SIGN_STYLE = Automatic;
				DEVELOPMENT_TEAM = 8ZU2A8P99A;
				INFOPLIST_FILE = CountOnMeUITests/Info.plist;
				IPHONEOS_DEPLOYMENT_TARGET = 14.5;
				LD_RUNPATH_SEARCH_PATHS = (
					"$(inherited)",
					"@executable_path/Frameworks",
					"@loader_path/Frameworks",
				);
				PRODUCT_BUNDLE_IDENTIFIER = com.fred.CountOnMeUITests;
				PRODUCT_NAME = "$(TARGET_NAME)";
				SWIFT_VERSION = 5.0;
				TARGETED_DEVICE_FAMILY = "1,2";
				TEST_TARGET_NAME = CountOnMe;
			};
			name = Release;
		};
/* End XCBuildConfiguration section */

/* Begin XCConfigurationList section */
		1FA43BCA224E569900F565CB /* Build configuration list for PBXProject "CountOnMe" */ = {
			isa = XCConfigurationList;
			buildConfigurations = (
				1FA43BF5224E569A00F565CB /* Debug */,
				1FA43BF6224E569A00F565CB /* Release */,
			);
			defaultConfigurationIsVisible = 0;
			defaultConfigurationName = Release;
		};
		1FA43BF7224E569A00F565CB /* Build configuration list for PBXNativeTarget "CountOnMe" */ = {
			isa = XCConfigurationList;
			buildConfigurations = (
				1FA43BF8224E569A00F565CB /* Debug */,
				1FA43BF9224E569A00F565CB /* Release */,
			);
			defaultConfigurationIsVisible = 0;
			defaultConfigurationName = Release;
		};
		B64C4BA726E8F31E002C611B /* Build configuration list for PBXNativeTarget "CountOnMeTests" */ = {
			isa = XCConfigurationList;
			buildConfigurations = (
				B64C4BA826E8F31E002C611B /* Debug */,
				B64C4BA926E8F31E002C611B /* Release */,
			);
			defaultConfigurationIsVisible = 0;
			defaultConfigurationName = Release;
		};
		B6D9D04726F2700D00EEB8A0 /* Build configuration list for PBXNativeTarget "CountOnMeUITests" */ = {
			isa = XCConfigurationList;
			buildConfigurations = (
				B6D9D04826F2700D00EEB8A0 /* Debug */,
				B6D9D04926F2700D00EEB8A0 /* Release */,
			);
			defaultConfigurationIsVisible = 0;
			defaultConfigurationName = Release;
		};
/* End XCConfigurationList section */
	};
	rootObject = 1FA43BC7224E569900F565CB /* Project object */;
}
